<?xml version="1.0" encoding="utf-8"?>
<Project ToolsVersion="4.0" xmlns="http://schemas.microsoft.com/developer/msbuild/2003">
  <ItemGroup>
    <Filter Include="리소스 파일">
      <UniqueIdentifier>{67DA6AB6-F800-4c08-8B7A-83BB121AAD01}</UniqueIdentifier>
      <Extensions>rc;ico;cur;bmp;dlg;rc2;rct;bin;rgs;gif;jpg;jpeg;jpe;resx;tiff;tif;png;wav;mfcribbon-ms</Extensions>
    </Filter>
    <Filter Include="Manager">
      <UniqueIdentifier>{5b7a4f30-f32f-40d4-87e3-9a5de8821757}</UniqueIdentifier>
    </Filter>
    <Filter Include="Creature">
      <UniqueIdentifier>{2276fd07-5139-45ed-a1bd-8c6a341e45c2}</UniqueIdentifier>
    </Filter>
    <Filter Include="Creature\Player">
      <UniqueIdentifier>{38c346cd-4208-41d1-bfb6-d6d5c1bb3f83}</UniqueIdentifier>
    </Filter>
    <Filter Include="Creature\Monster">
      <UniqueIdentifier>{6fa65daf-c999-45b1-bd0b-3b940473803e}</UniqueIdentifier>
    </Filter>
    <Filter Include="Skill">
      <UniqueIdentifier>{8f091ea0-71a7-4999-9bb8-a51b714ad7f5}</UniqueIdentifier>
    </Filter>
    <Filter Include="Map">
      <UniqueIdentifier>{c2436f51-cc6c-47e2-99e8-08c3ba7f3acd}</UniqueIdentifier>
    </Filter>
    <Filter Include="Item">
      <UniqueIdentifier>{f3c1b2a2-0559-43f2-bfea-fd6fa05c6bff}</UniqueIdentifier>
    </Filter>
  </ItemGroup>
  <ItemGroup>
    <ClCompile Include="InputManager.cpp">
      <Filter>Manager</Filter>
    </ClCompile>
    <ClCompile Include="Creature.cpp">
      <Filter>Creature</Filter>
    </ClCompile>
    <ClCompile Include="Player.cpp">
      <Filter>Creature\Player</Filter>
    </ClCompile>
    <ClCompile Include="Skill.cpp">
      <Filter>Skill</Filter>
    </ClCompile>
    <ClCompile Include="Map.cpp">
      <Filter>Map</Filter>
    </ClCompile>
    <ClCompile Include="Manager.cpp">
      <Filter>Manager</Filter>
    </ClCompile>
    <ClCompile Include="MapManager.cpp">
      <Filter>Manager</Filter>
    </ClCompile>
    <ClCompile Include="Monster.cpp">
      <Filter>Creature\Monster</Filter>
    </ClCompile>
    <ClCompile Include="FireBall.cpp">
      <Filter>Skill</Filter>
    </ClCompile>
    <ClCompile Include="Heal.cpp">
      <Filter>Skill</Filter>
    </ClCompile>
    <ClCompile Include="Meteor.cpp">
      <Filter>Skill</Filter>
    </ClCompile>
    <ClCompile Include="ConsoleDraw.cpp">
      <Filter>Manager</Filter>
    </ClCompile>
    <ClCompile Include="main.cpp" />
    <ClCompile Include="IPotion.cpp">
      <Filter>Item</Filter>
    </ClCompile>
    <ClCompile Include="Item.cpp">
      <Filter>Item</Filter>
    </ClCompile>
  </ItemGroup>
  <ItemGroup>
    <ClInclude Include="InputManager.h">
      <Filter>Manager</Filter>
    </ClInclude>
    <ClInclude Include="Manager.h">
      <Filter>Manager</Filter>
    </ClInclude>
    <ClInclude Include="Creature.h">
      <Filter>Creature</Filter>
    </ClInclude>
    <ClInclude Include="Enums.h" />
    <ClInclude Include="Player.h">
      <Filter>Creature\Player</Filter>
    </ClInclude>
    <ClInclude Include="Skill.h">
      <Filter>Skill</Filter>
    </ClInclude>
    <ClInclude Include="Map.h">
      <Filter>Map</Filter>
    </ClInclude>
    <ClInclude Include="MapManager.h">
      <Filter>Manager</Filter>
    </ClInclude>
    <ClInclude Include="Monster.h">
      <Filter>Creature\Monster</Filter>
    </ClInclude>
    <ClInclude Include="FireBall.h">
      <Filter>Skill</Filter>
    </ClInclude>
    <ClInclude Include="Heal.h">
      <Filter>Skill</Filter>
    </ClInclude>
    <ClInclude Include="Meteor.h">
      <Filter>Skill</Filter>
    </ClInclude>
    <ClInclude Include="ConsoleDraw.h">
      <Filter>Manager</Filter>
    </ClInclude>
    <ClInclude Include="IPotion.h">
      <Filter>Item</Filter>
    </ClInclude>
    <ClInclude Include="Item.h">
      <Filter>Item</Filter>
    </ClInclude>
  </ItemGroup>
</Project>